
Microsoft Visual Studio Solution File, Format Version 12.00
# Visual Studio 2012
Project("{2150E333-8FDC-42A3-9474-1A3956D46DE8}") = "Acceso a Datos", "Acceso a Datos", "{AFD7729B-FAD0-428B-A3C5-F82B85FACD5A}"
EndProject
Project("{2150E333-8FDC-42A3-9474-1A3956D46DE8}") = "Logica del Negocio", "Logica del Negocio", "{0D2F9D9C-BB40-4048-81CC-89D1BD610503}"
EndProject
Project("{2150E333-8FDC-42A3-9474-1A3956D46DE8}") = "Presentacion", "Presentacion", "{E9FE6470-5CEF-48A4-857E-84A6165B820F}"
EndProject
Project("{FAE04EC0-301F-11D3-BF4B-00C04F79EFBC}") = "703667.CrearDB", "703667.CrearDB\703667.CrearDB.csproj", "{94EDFFC6-4A8B-4FEC-B80C-A1093D55A927}"
EndProject
Project("{FAE04EC0-301F-11D3-BF4B-00C04F79EFBC}") = "703667.Web", "703667.Web\703667.Web.csproj", "{4FA3ECEB-2FD8-41EE-934A-1AD5CA517BC1}"
EndProject
Project("{FAE04EC0-301F-11D3-BF4B-00C04F79EFBC}") = "703667.bussinesEntities", "703667.bussinesEntities\703667.bussinesEntities.csproj", "{DEADC646-695C-4419-91CE-FB065534D2DA}"
EndProject
Project("{FAE04EC0-301F-11D3-BF4B-00C04F79EFBC}") = "703667.Service", "703667.Service\703667.Service.csproj", "{2DD308B4-67AD-4142-8535-8A34738C248E}"
EndProject
Project("{FAE04EC0-301F-11D3-BF4B-00C04F79EFBC}") = "703667.Repository", "703667.Repository\703667.Repository.csproj", "{A296A5EA-1FE0-417B-AD33-AEC3F16B97DF}"
EndProject
Global
	GlobalSection(SolutionConfigurationPlatforms) = preSolution
		Debug|Any CPU = Debug|Any CPU
		Release|Any CPU = Release|Any CPU
	EndGlobalSection
	GlobalSection(ProjectConfigurationPlatforms) = postSolution
		{94EDFFC6-4A8B-4FEC-B80C-A1093D55A927}.Debug|Any CPU.ActiveCfg = Debug|Any CPU
		{94EDFFC6-4A8B-4FEC-B80C-A1093D55A927}.Debug|Any CPU.Build.0 = Debug|Any CPU
		{94EDFFC6-4A8B-4FEC-B80C-A1093D55A927}.Release|Any CPU.ActiveCfg = Release|Any CPU
		{94EDFFC6-4A8B-4FEC-B80C-A1093D55A927}.Release|Any CPU.Build.0 = Release|Any CPU
		{4FA3ECEB-2FD8-41EE-934A-1AD5CA517BC1}.Debug|Any CPU.ActiveCfg = Debug|Any CPU
		{4FA3ECEB-2FD8-41EE-934A-1AD5CA517BC1}.Debug|Any CPU.Build.0 = Debug|Any CPU
		{4FA3ECEB-2FD8-41EE-934A-1AD5CA517BC1}.Release|Any CPU.ActiveCfg = Release|Any CPU
		{4FA3ECEB-2FD8-41EE-934A-1AD5CA517BC1}.Release|Any CPU.Build.0 = Release|Any CPU
		{DEADC646-695C-4419-91CE-FB065534D2DA}.Debug|Any CPU.ActiveCfg = Debug|Any CPU
		{DEADC646-695C-4419-91CE-FB065534D2DA}.Debug|Any CPU.Build.0 = Debug|Any CPU
		{DEADC646-695C-4419-91CE-FB065534D2DA}.Release|Any CPU.ActiveCfg = Release|Any CPU
		{DEADC646-695C-4419-91CE-FB065534D2DA}.Release|Any CPU.Build.0 = Release|Any CPU
		{2DD308B4-67AD-4142-8535-8A34738C248E}.Debug|Any CPU.ActiveCfg = Debug|Any CPU
		{2DD308B4-67AD-4142-8535-8A34738C248E}.Debug|Any CPU.Build.0 = Debug|Any CPU
		{2DD308B4-67AD-4142-8535-8A34738C248E}.Release|Any CPU.ActiveCfg = Release|Any CPU
		{2DD308B4-67AD-4142-8535-8A34738C248E}.Release|Any CPU.Build.0 = Release|Any CPU
		{A296A5EA-1FE0-417B-AD33-AEC3F16B97DF}.Debug|Any CPU.ActiveCfg = Debug|Any CPU
		{A296A5EA-1FE0-417B-AD33-AEC3F16B97DF}.Debug|Any CPU.Build.0 = Debug|Any CPU
		{A296A5EA-1FE0-417B-AD33-AEC3F16B97DF}.Release|Any CPU.ActiveCfg = Release|Any CPU
		{A296A5EA-1FE0-417B-AD33-AEC3F16B97DF}.Release|Any CPU.Build.0 = Release|Any CPU
	EndGlobalSection
	GlobalSection(SolutionProperties) = preSolution
		HideSolutionNode = FALSE
	EndGlobalSection
	GlobalSection(NestedProjects) = preSolution
		{94EDFFC6-4A8B-4FEC-B80C-A1093D55A927} = {AFD7729B-FAD0-428B-A3C5-F82B85FACD5A}
		{A296A5EA-1FE0-417B-AD33-AEC3F16B97DF} = {AFD7729B-FAD0-428B-A3C5-F82B85FACD5A}
		{DEADC646-695C-4419-91CE-FB065534D2DA} = {0D2F9D9C-BB40-4048-81CC-89D1BD610503}
		{2DD308B4-67AD-4142-8535-8A34738C248E} = {0D2F9D9C-BB40-4048-81CC-89D1BD610503}
		{4FA3ECEB-2FD8-41EE-934A-1AD5CA517BC1} = {E9FE6470-5CEF-48A4-857E-84A6165B820F}
	EndGlobalSection
EndGlobal
